
Microsoft Visual Studio Solution File, Format Version 12.00
# Visual Studio Version 16
VisualStudioVersion = 16.0.32413.511
MinimumVisualStudioVersion = 10.0.40219.1
Project("{FAE04EC0-301F-11D3-BF4B-00C04F79EFBC}") = "DemoProject", "DemoProject\DemoProject.csproj", "{796D31D4-397D-4E24-BA89-7FEEDD6E298C}"
EndProject
Global
	GlobalSection(SolutionConfigurationPlatforms) = preSolution
		Debug|Any CPU = Debug|Any CPU
		Release|Any CPU = Release|Any CPU
	EndGlobalSection
	GlobalSection(ProjectConfigurationPlatforms) = postSolution
		{796D31D4-397D-4E24-BA89-7FEEDD6E298C}.Debug|Any CPU.ActiveCfg = Debug|Any CPU
		{796D31D4-397D-4E24-BA89-7FEEDD6E298C}.Debug|Any CPU.Build.0 = Debug|Any CPU
		{796D31D4-397D-4E24-BA89-7FEEDD6E298C}.Release|Any CPU.ActiveCfg = Release|Any CPU
		{796D31D4-397D-4E24-BA89-7FEEDD6E298C}.Release|Any CPU.Build.0 = Release|Any CPU
	EndGlobalSection
	GlobalSection(SolutionProperties) = preSolution
		HideSolutionNode = FALSE
	EndGlobalSection
	GlobalSection(ExtensibilityGlobals) = postSolution
		SolutionGuid = {532845DC-BCD9-4E2F-893C-827AD12985F1}
	EndGlobalSection
EndGlobal
